{
  "name": "stock-proto",
  "version": "1.0.0",
  "lockfileVersion": 1,
  "requires": true,
  "dependencies": {
    "csv-file-creator": {
      "version": "1.0.9",
      "resolved": "https://registry.npmjs.org/csv-file-creator/-/csv-file-creator-1.0.9.tgz",
      "integrity": "sha512-8ds8CyAnGdMRPxEjyhUvar8AeiW1GE4RKqr50moK7Xq7LzpNe9i/DQ3moUi2Q51dEnKxQH9kKwYkjSfLn3p2Bw=="
    },
    "export-to-csv": {
      "version": "0.2.1",
      "resolved": "https://registry.npmjs.org/export-to-csv/-/export-to-csv-0.2.1.tgz",
      "integrity": "sha512-KTbrd3CAZ0cFceJEZr1e5uiMasabeCpXq1/5uvVxDl53o4jXJHnltasQoj2NkzrxD8hU9kdwjnMhoir/7nNx/A=="
    }
  }
}
